// !$*UTF8*$!
{
	archiveVersion = 1;
	classes = {
	};
	objectVersion = 55;
	objects = {

/* Begin PBXBuildFile section */
		2207D4FB27951AFA00AD3A75 /* random.cpp in Sources */ = {isa = PBXBuildFile; fileRef = 2207D4F927951AFA00AD3A75 /* random.cpp */; };
		2207D4FE27951C6600AD3A75 /* payoff.cpp in Sources */ = {isa = PBXBuildFile; fileRef = 2207D4FC27951C6600AD3A75 /* payoff.cpp */; };
		2207D5012795299300AD3A75 /* option.cpp in Sources */ = {isa = PBXBuildFile; fileRef = 2207D4FF2795299300AD3A75 /* option.cpp */; };
		2207D5042798C9A500AD3A75 /* parameters.cpp in Sources */ = {isa = PBXBuildFile; fileRef = 2207D5022798C9A500AD3A75 /* parameters.cpp */; };
		2207D5072799235B00AD3A75 /* mcstats.cpp in Sources */ = {isa = PBXBuildFile; fileRef = 2207D5052799235B00AD3A75 /* mcstats.cpp */; };
		2207D50E279A032D00AD3A75 /* convergence_tab.cpp in Sources */ = {isa = PBXBuildFile; fileRef = 2207D50C279A032D00AD3A75 /* convergence_tab.cpp */; };
		2268C567278DC7EE00370682 /* main.cpp in Sources */ = {isa = PBXBuildFile; fileRef = 2268C566278DC7EE00370682 /* main.cpp */; };
/* End PBXBuildFile section */

/* Begin PBXCopyFilesBuildPhase section */
		2268C561278DC7EE00370682 /* CopyFiles */ = {
			isa = PBXCopyFilesBuildPhase;
			buildActionMask = 2147483647;
			dstPath = /usr/share/man/man1/;
			dstSubfolderSpec = 0;
			files = (
			);
			runOnlyForDeploymentPostprocessing = 1;
		};
/* End PBXCopyFilesBuildPhase section */

/* Begin PBXFileReference section */
		2207D4F927951AFA00AD3A75 /* random.cpp */ = {isa = PBXFileReference; lastKnownFileType = sourcecode.cpp.cpp; path = random.cpp; sourceTree = "<group>"; };
		2207D4FA27951AFA00AD3A75 /* random.hpp */ = {isa = PBXFileReference; lastKnownFileType = sourcecode.cpp.h; path = random.hpp; sourceTree = "<group>"; };
		2207D4FC27951C6600AD3A75 /* payoff.cpp */ = {isa = PBXFileReference; lastKnownFileType = sourcecode.cpp.cpp; path = payoff.cpp; sourceTree = "<group>"; };
		2207D4FD27951C6600AD3A75 /* payoff.hpp */ = {isa = PBXFileReference; lastKnownFileType = sourcecode.cpp.h; path = payoff.hpp; sourceTree = "<group>"; };
		2207D4FF2795299300AD3A75 /* option.cpp */ = {isa = PBXFileReference; lastKnownFileType = sourcecode.cpp.cpp; path = option.cpp; sourceTree = "<group>"; };
		2207D5002795299300AD3A75 /* option.hpp */ = {isa = PBXFileReference; lastKnownFileType = sourcecode.cpp.h; path = option.hpp; sourceTree = "<group>"; };
		2207D5022798C9A500AD3A75 /* parameters.cpp */ = {isa = PBXFileReference; lastKnownFileType = sourcecode.cpp.cpp; path = parameters.cpp; sourceTree = "<group>"; };
		2207D5032798C9A500AD3A75 /* parameters.hpp */ = {isa = PBXFileReference; lastKnownFileType = sourcecode.cpp.h; path = parameters.hpp; sourceTree = "<group>"; };
		2207D5052799235B00AD3A75 /* mcstats.cpp */ = {isa = PBXFileReference; lastKnownFileType = sourcecode.cpp.cpp; path = mcstats.cpp; sourceTree = "<group>"; };
		2207D5062799235B00AD3A75 /* mcstats.hpp */ = {isa = PBXFileReference; lastKnownFileType = sourcecode.cpp.h; path = mcstats.hpp; sourceTree = "<group>"; };
		2207D50A2799F2FB00AD3A75 /* wrapper.hpp */ = {isa = PBXFileReference; lastKnownFileType = sourcecode.cpp.h; path = wrapper.hpp; sourceTree = "<group>"; };
		2207D50C279A032D00AD3A75 /* convergence_tab.cpp */ = {isa = PBXFileReference; lastKnownFileType = sourcecode.cpp.cpp; path = convergence_tab.cpp; sourceTree = "<group>"; };
		2207D50D279A032D00AD3A75 /* convergence_tab.hpp */ = {isa = PBXFileReference; lastKnownFileType = sourcecode.cpp.h; path = convergence_tab.hpp; sourceTree = "<group>"; };
		2268C563278DC7EE00370682 /* derivs */ = {isa = PBXFileReference; explicitFileType = "compiled.mach-o.executable"; includeInIndex = 0; path = derivs; sourceTree = BUILT_PRODUCTS_DIR; };
		2268C566278DC7EE00370682 /* main.cpp */ = {isa = PBXFileReference; lastKnownFileType = sourcecode.cpp.cpp; path = main.cpp; sourceTree = "<group>"; };
		2268C56F278E256E00370682 /* README.md */ = {isa = PBXFileReference; lastKnownFileType = net.daringfireball.markdown; path = README.md; sourceTree = "<group>"; };
/* End PBXFileReference section */

/* Begin PBXFrameworksBuildPhase section */
		2268C560278DC7EE00370682 /* Frameworks */ = {
			isa = PBXFrameworksBuildPhase;
			buildActionMask = 2147483647;
			files = (
			);
			runOnlyForDeploymentPostprocessing = 0;
		};
/* End PBXFrameworksBuildPhase section */

/* Begin PBXGroup section */
		2268C55A278DC7EE00370682 = {
			isa = PBXGroup;
			children = (
				2268C56F278E256E00370682 /* README.md */,
				2268C565278DC7EE00370682 /* derivs */,
				2268C564278DC7EE00370682 /* Products */,
			);
			sourceTree = "<group>";
		};
		2268C564278DC7EE00370682 /* Products */ = {
			isa = PBXGroup;
			children = (
				2268C563278DC7EE00370682 /* derivs */,
			);
			name = Products;
			sourceTree = "<group>";
		};
		2268C565278DC7EE00370682 /* derivs */ = {
			isa = PBXGroup;
			children = (
				2268C566278DC7EE00370682 /* main.cpp */,
				2207D4F927951AFA00AD3A75 /* random.cpp */,
				2207D4FA27951AFA00AD3A75 /* random.hpp */,
				2207D4FC27951C6600AD3A75 /* payoff.cpp */,
				2207D4FD27951C6600AD3A75 /* payoff.hpp */,
				2207D4FF2795299300AD3A75 /* option.cpp */,
				2207D5002795299300AD3A75 /* option.hpp */,
				2207D5022798C9A500AD3A75 /* parameters.cpp */,
				2207D5032798C9A500AD3A75 /* parameters.hpp */,
				2207D5052799235B00AD3A75 /* mcstats.cpp */,
				2207D5062799235B00AD3A75 /* mcstats.hpp */,
				2207D50A2799F2FB00AD3A75 /* wrapper.hpp */,
				2207D50C279A032D00AD3A75 /* convergence_tab.cpp */,
				2207D50D279A032D00AD3A75 /* convergence_tab.hpp */,
			);
			path = derivs;
			sourceTree = "<group>";
		};
/* End PBXGroup section */

/* Begin PBXNativeTarget section */
		2268C562278DC7EE00370682 /* derivs */ = {
			isa = PBXNativeTarget;
			buildConfigurationList = 2268C56A278DC7EE00370682 /* Build configuration list for PBXNativeTarget "derivs" */;
			buildPhases = (
				2268C55F278DC7EE00370682 /* Sources */,
				2268C560278DC7EE00370682 /* Frameworks */,
				2268C561278DC7EE00370682 /* CopyFiles */,
			);
			buildRules = (
			);
			dependencies = (
			);
			name = derivs;
			productName = derivs;
			productReference = 2268C563278DC7EE00370682 /* derivs */;
			productType = "com.apple.product-type.tool";
		};
/* End PBXNativeTarget section */

/* Begin PBXProject section */
		2268C55B278DC7EE00370682 /* Project object */ = {
			isa = PBXProject;
			attributes = {
				BuildIndependentTargetsInParallel = 1;
				LastUpgradeCheck = 1320;
				TargetAttributes = {
					2268C562278DC7EE00370682 = {
						CreatedOnToolsVersion = 13.2.1;
					};
				};
			};
			buildConfigurationList = 2268C55E278DC7EE00370682 /* Build configuration list for PBXProject "derivs" */;
			compatibilityVersion = "Xcode 13.0";
			developmentRegion = en;
			hasScannedForEncodings = 0;
			knownRegions = (
				en,
				Base,
			);
			mainGroup = 2268C55A278DC7EE00370682;
			productRefGroup = 2268C564278DC7EE00370682 /* Products */;
			projectDirPath = "";
			projectRoot = "";
			targets = (
				2268C562278DC7EE00370682 /* derivs */,
			);
		};
/* End PBXProject section */

/* Begin PBXSourcesBuildPhase section */
		2268C55F278DC7EE00370682 /* Sources */ = {
			isa = PBXSourcesBuildPhase;
			buildActionMask = 2147483647;
			files = (
				2207D5042798C9A500AD3A75 /* parameters.cpp in Sources */,
				2207D5012795299300AD3A75 /* option.cpp in Sources */,
				2207D4FB27951AFA00AD3A75 /* random.cpp in Sources */,
				2207D5072799235B00AD3A75 /* mcstats.cpp in Sources */,
				2207D4FE27951C6600AD3A75 /* payoff.cpp in Sources */,
				2207D50E279A032D00AD3A75 /* convergence_tab.cpp in Sources */,
				2268C567278DC7EE00370682 /* main.cpp in Sources */,
			);
			runOnlyForDeploymentPostprocessing = 0;
		};
/* End PBXSourcesBuildPhase section */

/* Begin XCBuildConfiguration section */
		2268C568278DC7EE00370682 /* Debug */ = {
			isa = XCBuildConfiguration;
			buildSettings = {
				ALWAYS_SEARCH_USER_PATHS = NO;
				CLANG_ANALYZER_NONNULL = YES;
				CLANG_ANALYZER_NUMBER_OBJECT_CONVERSION = YES_AGGRESSIVE;
				CLANG_CXX_LANGUAGE_STANDARD = "gnu++17";
				CLANG_CXX_LIBRARY = "libc++";
				CLANG_ENABLE_MODULES = YES;
				CLANG_ENABLE_OBJC_ARC = YES;
				CLANG_ENABLE_OBJC_WEAK = YES;
				CLANG_WARN_BLOCK_CAPTURE_AUTORELEASING = YES;
				CLANG_WARN_BOOL_CONVERSION = YES;
				CLANG_WARN_COMMA = YES;
				CLANG_WARN_CONSTANT_CONVERSION = YES;
				CLANG_WARN_DEPRECATED_OBJC_IMPLEMENTATIONS = YES;
				CLANG_WARN_DIRECT_OBJC_ISA_USAGE = YES_ERROR;
				CLANG_WARN_DOCUMENTATION_COMMENTS = YES;
				CLANG_WARN_EMPTY_BODY = YES;
				CLANG_WARN_ENUM_CONVERSION = YES;
				CLANG_WARN_INFINITE_RECURSION = YES;
				CLANG_WARN_INT_CONVERSION = YES;
				CLANG_WARN_NON_LITERAL_NULL_CONVERSION = YES;
				CLANG_WARN_OBJC_IMPLICIT_RETAIN_SELF = YES;
				CLANG_WARN_OBJC_LITERAL_CONVERSION = YES;
				CLANG_WARN_OBJC_ROOT_CLASS = YES_ERROR;
				CLANG_WARN_QUOTED_INCLUDE_IN_FRAMEWORK_HEADER = YES;
				CLANG_WARN_RANGE_LOOP_ANALYSIS = YES;
				CLANG_WARN_STRICT_PROTOTYPES = YES;
				CLANG_WARN_SUSPICIOUS_MOVE = YES;
				CLANG_WARN_UNGUARDED_AVAILABILITY = YES_AGGRESSIVE;
				CLANG_WARN_UNREACHABLE_CODE = YES;
				CLANG_WARN__DUPLICATE_METHOD_MATCH = YES;
				COPY_PHASE_STRIP = NO;
				DEBUG_INFORMATION_FORMAT = dwarf;
				ENABLE_STRICT_OBJC_MSGSEND = YES;
				ENABLE_TESTABILITY = YES;
				GCC_C_LANGUAGE_STANDARD = gnu11;
				GCC_DYNAMIC_NO_PIC = NO;
				GCC_NO_COMMON_BLOCKS = YES;
				GCC_OPTIMIZATION_LEVEL = 0;
				GCC_PREPROCESSOR_DEFINITIONS = (
					"DEBUG=1",
					"$(inherited)",
				);
				GCC_WARN_64_TO_32_BIT_CONVERSION = YES;
				GCC_WARN_ABOUT_RETURN_TYPE = YES_ERROR;
				GCC_WARN_UNDECLARED_SELECTOR = YES;
				GCC_WARN_UNINITIALIZED_AUTOS = YES_AGGRESSIVE;
				GCC_WARN_UNUSED_FUNCTION = YES;
				GCC_WARN_UNUSED_VARIABLE = YES;
				MACOSX_DEPLOYMENT_TARGET = 12.1;
				MTL_ENABLE_DEBUG_INFO = INCLUDE_SOURCE;
				MTL_FAST_MATH = YES;
				ONLY_ACTIVE_ARCH = YES;
				SDKROOT = macosx;
			};
			name = Debug;
		};
		2268C569278DC7EE00370682 /* Release */ = {
			isa = XCBuildConfiguration;
			buildSettings = {
				ALWAYS_SEARCH_USER_PATHS = NO;
				CLANG_ANALYZER_NONNULL = YES;
				CLANG_ANALYZER_NUMBER_OBJECT_CONVERSION = YES_AGGRESSIVE;
				CLANG_CXX_LANGUAGE_STANDARD = "gnu++17";
				CLANG_CXX_LIBRARY = "libc++";
				CLANG_ENABLE_MODULES = YES;
				CLANG_ENABLE_OBJC_ARC = YES;
				CLANG_ENABLE_OBJC_WEAK = YES;
				CLANG_WARN_BLOCK_CAPTURE_AUTORELEASING = YES;
				CLANG_WARN_BOOL_CONVERSION = YES;
				CLANG_WARN_COMMA = YES;
				CLANG_WARN_CONSTANT_CONVERSION = YES;
				CLANG_WARN_DEPRECATED_OBJC_IMPLEMENTATIONS = YES;
				CLANG_WARN_DIRECT_OBJC_ISA_USAGE = YES_ERROR;
				CLANG_WARN_DOCUMENTATION_COMMENTS = YES;
				CLANG_WARN_EMPTY_BODY = YES;
				CLANG_WARN_ENUM_CONVERSION = YES;
				CLANG_WARN_INFINITE_RECURSION = YES;
				CLANG_WARN_INT_CONVERSION = YES;
				CLANG_WARN_NON_LITERAL_NULL_CONVERSION = YES;
				CLANG_WARN_OBJC_IMPLICIT_RETAIN_SELF = YES;
				CLANG_WARN_OBJC_LITERAL_CONVERSION = YES;
				CLANG_WARN_OBJC_ROOT_CLASS = YES_ERROR;
				CLANG_WARN_QUOTED_INCLUDE_IN_FRAMEWORK_HEADER = YES;
				CLANG_WARN_RANGE_LOOP_ANALYSIS = YES;
				CLANG_WARN_STRICT_PROTOTYPES = YES;
				CLANG_WARN_SUSPICIOUS_MOVE = YES;
				CLANG_WARN_UNGUARDED_AVAILABILITY = YES_AGGRESSIVE;
				CLANG_WARN_UNREACHABLE_CODE = YES;
				CLANG_WARN__DUPLICATE_METHOD_MATCH = YES;
				COPY_PHASE_STRIP = NO;
				DEBUG_INFORMATION_FORMAT = "dwarf-with-dsym";
				ENABLE_NS_ASSERTIONS = NO;
				ENABLE_STRICT_OBJC_MSGSEND = YES;
				GCC_C_LANGUAGE_STANDARD = gnu11;
				GCC_NO_COMMON_BLOCKS = YES;
				GCC_WARN_64_TO_32_BIT_CONVERSION = YES;
				GCC_WARN_ABOUT_RETURN_TYPE = YES_ERROR;
				GCC_WARN_UNDECLARED_SELECTOR = YES;
				GCC_WARN_UNINITIALIZED_AUTOS = YES_AGGRESSIVE;
				GCC_WARN_UNUSED_FUNCTION = YES;
				GCC_WARN_UNUSED_VARIABLE = YES;
				MACOSX_DEPLOYMENT_TARGET = 12.1;
				MTL_ENABLE_DEBUG_INFO = NO;
				MTL_FAST_MATH = YES;
				SDKROOT = macosx;
			};
			name = Release;
		};
		2268C56B278DC7EE00370682 /* Debug */ = {
			isa = XCBuildConfiguration;
			buildSettings = {
				CODE_SIGN_STYLE = Automatic;
				PRODUCT_NAME = "$(TARGET_NAME)";
			};
			name = Debug;
		};
		2268C56C278DC7EE00370682 /* Release */ = {
			isa = XCBuildConfiguration;
			buildSettings = {
				CODE_SIGN_STYLE = Automatic;
				PRODUCT_NAME = "$(TARGET_NAME)";
			};
			name = Release;
		};
/* End XCBuildConfiguration section */

/* Begin XCConfigurationList section */
		2268C55E278DC7EE00370682 /* Build configuration list for PBXProject "derivs" */ = {
			isa = XCConfigurationList;
			buildConfigurations = (
				2268C568278DC7EE00370682 /* Debug */,
				2268C569278DC7EE00370682 /* Release */,
			);
			defaultConfigurationIsVisible = 0;
			defaultConfigurationName = Release;
		};
		2268C56A278DC7EE00370682 /* Build configuration list for PBXNativeTarget "derivs" */ = {
			isa = XCConfigurationList;
			buildConfigurations = (
				2268C56B278DC7EE00370682 /* Debug */,
				2268C56C278DC7EE00370682 /* Release */,
			);
			defaultConfigurationIsVisible = 0;
			defaultConfigurationName = Release;
		};
/* End XCConfigurationList section */
	};
	rootObject = 2268C55B278DC7EE00370682 /* Project object */;
}
